// !$*UTF8*$!
{
	archiveVersion = 1;
	classes = {
	};
	objectVersion = 46;
	objects = {

/* Begin PBXBuildFile section */
		D06473341C804E24009505AB /* AppDelegate.swift in Sources */ = {isa = PBXBuildFile; fileRef = D06473331C804E24009505AB /* AppDelegate.swift */; };
		D06473361C804E24009505AB /* ViewController.swift in Sources */ = {isa = PBXBuildFile; fileRef = D06473351C804E24009505AB /* ViewController.swift */; };
		D06473391C804E24009505AB /* Main.storyboard in Resources */ = {isa = PBXBuildFile; fileRef = D06473371C804E24009505AB /* Main.storyboard */; };
		D064733B1C804E24009505AB /* Assets.xcassets in Resources */ = {isa = PBXBuildFile; fileRef = D064733A1C804E24009505AB /* Assets.xcassets */; };
		D064733E1C804E24009505AB /* LaunchScreen.storyboard in Resources */ = {isa = PBXBuildFile; fileRef = D064733C1C804E24009505AB /* LaunchScreen.storyboard */; };
/* End PBXBuildFile section */

/* Begin PBXFileReference section */
		D06473301C804E24009505AB /* Reto5.app */ = {isa = PBXFileReference; explicitFileType = wrapper.application; includeInIndex = 0; path = Reto5.app; sourceTree = BUILT_PRODUCTS_DIR; };
		D06473331C804E24009505AB /* AppDelegate.swift */ = {isa = PBXFileReference; lastKnownFileType = sourcecode.swift; path = AppDelegate.swift; sourceTree = "<group>"; };
		D06473351C804E24009505AB /* ViewController.swift */ = {isa = PBXFileReference; lastKnownFileType = sourcecode.swift; path = ViewController.swift; sourceTree = "<group>"; };
		D06473381C804E24009505AB /* Base */ = {isa = PBXFileReference; lastKnownFileType = file.storyboard; name = Base; path = Base.lproj/Main.storyboard; sourceTree = "<group>"; };
		D064733A1C804E24009505AB /* Assets.xcassets */ = {isa = PBXFileReference; lastKnownFileType = folder.assetcatalog; path = Assets.xcassets; sourceTree = "<group>"; };
		D064733D1C804E24009505AB /* Base */ = {isa = PBXFileReference; lastKnownFileType = file.storyboard; name = Base; path = Base.lproj/LaunchScreen.storyboard; sourceTree = "<group>"; };
		D064733F1C804E25009505AB /* Info.plist */ = {isa = PBXFileReference; lastKnownFileType = text.plist.xml; path = Info.plist; sourceTree = "<group>"; };
/* End PBXFileReference section */

/* Begin PBXFrameworksBuildPhase section */
		D064732D1C804E24009505AB /* Frameworks */ = {
			isa = PBXFrameworksBuildPhase;
			buildActionMask = 2147483647;
			files = (
			);
			runOnlyForDeploymentPostprocessing = 0;
		};
/* End PBXFrameworksBuildPhase section */

/* Begin PBXGroup section */
		D06473271C804E24009505AB = {
			isa = PBXGroup;
			children = (
				D06473321C804E24009505AB /* Reto5 */,
				D06473311C804E24009505AB /* Products */,
			);
			sourceTree = "<group>";
		};
		D06473311C804E24009505AB /* Products */ = {
			isa = PBXGroup;
			children = (
				D06473301C804E24009505AB /* Reto5.app */,
			);
			name = Products;
			sourceTree = "<group>";
		};
		D06473321C804E24009505AB /* Reto5 */ = {
			isa = PBXGroup;
			children = (
				D06473331C804E24009505AB /* AppDelegate.swift */,
				D06473351C804E24009505AB /* ViewController.swift */,
				D06473371C804E24009505AB /* Main.storyboard */,
				D064733A1C804E24009505AB /* Assets.xcassets */,
				D064733C1C804E24009505AB /* LaunchScreen.storyboard */,
				D064733F1C804E25009505AB /* Info.plist */,
			);
			path = Reto5;
			sourceTree = "<group>";
		};
/* End PBXGroup section */

/* Begin PBXNativeTarget section */
		D064732F1C804E24009505AB /* Reto5 */ = {
			isa = PBXNativeTarget;
			buildConfigurationList = D06473421C804E25009505AB /* Build configuration list for PBXNativeTarget "Reto5" */;
			buildPhases = (
				D064732C1C804E24009505AB /* Sources */,
				D064732D1C804E24009505AB /* Frameworks */,
				D064732E1C804E24009505AB /* Resources */,
			);
			buildRules = (
			);
			dependencies = (
			);
			name = Reto5;
			productName = Reto5;
			productReference = D06473301C804E24009505AB /* Reto5.app */;
			productType = "com.apple.product-type.application";
		};
/* End PBXNativeTarget section */

/* Begin PBXProject section */
		D06473281C804E24009505AB /* Project object */ = {
			isa = PBXProject;
			attributes = {
				LastSwiftUpdateCheck = 0730;
				LastUpgradeCheck = 0730;
				ORGANIZATIONNAME = "Saint Remy";
				TargetAttributes = {
					D064732F1C804E24009505AB = {
						CreatedOnToolsVersion = 7.3;
					};
				};
			};
			buildConfigurationList = D064732B1C804E24009505AB /* Build configuration list for PBXProject "Reto5" */;
			compatibilityVersion = "Xcode 3.2";
			developmentRegion = English;
			hasScannedForEncodings = 0;
			knownRegions = (
				en,
				Base,
			);
			mainGroup = D06473271C804E24009505AB;
			productRefGroup = D06473311C804E24009505AB /* Products */;
			projectDirPath = "";
			projectRoot = "";
			targets = (
				D064732F1C804E24009505AB /* Reto5 */,
			);
		};
/* End PBXProject section */

/* Begin PBXResourcesBuildPhase section */
		D064732E1C804E24009505AB /* Resources */ = {
			isa = PBXResourcesBuildPhase;
			buildActionMask = 2147483647;
			files = (
				D064733E1C804E24009505AB /* LaunchScreen.storyboard in Resources */,
				D064733B1C804E24009505AB /* Assets.xcassets in Resources */,
				D06473391C804E24009505AB /* Main.storyboard in Resources */,
			);
			runOnlyForDeploymentPostprocessing = 0;
		};
/* End PBXResourcesBuildPhase section */

/* Begin PBXSourcesBuildPhase section */
		D064732C1C804E24009505AB /* Sources */ = {
			isa = PBXSourcesBuildPhase;
			buildActionMask = 2147483647;
			files = (
				D06473361C804E24009505AB /* ViewController.swift in Sources */,
				D06473341C804E24009505AB /* AppDelegate.swift in Sources */,
			);
			runOnlyForDeploymentPostprocessing = 0;
		};
/* End PBXSourcesBuildPhase section */

/* Begin PBXVariantGroup section */
		D06473371C804E24009505AB /* Main.storyboard */ = {
			isa = PBXVariantGroup;
			children = (
				D06473381C804E24009505AB /* Base */,
			);
			name = Main.storyboard;
			sourceTree = "<group>";
		};
		D064733C1C804E24009505AB /* LaunchScreen.storyboard */ = {
			isa = PBXVariantGroup;
			children = (
				D064733D1C804E24009505AB /* Base */,
			);
			name = LaunchScreen.storyboard;
			sourceTree = "<group>";
		};
/* End PBXVariantGroup section */

/* Begin XCBuildConfiguration section */
		D06473401C804E25009505AB /* Debug */ = {
			isa = XCBuildConfiguration;
			buildSettings = {
				ALWAYS_SEARCH_USER_PATHS = NO;
				CLANG_ANALYZER_NONNULL = YES;
				CLANG_CXX_LANGUAGE_STANDARD = "gnu++0x";
				CLANG_CXX_LIBRARY = "libc++";
				CLANG_ENABLE_MODULES = YES;
				CLANG_ENABLE_OBJC_ARC = YES;
				CLANG_WARN_BOOL_CONVERSION = YES;
				CLANG_WARN_CONSTANT_CONVERSION = YES;
				CLANG_WARN_DIRECT_OBJC_ISA_USAGE = YES_ERROR;
				CLANG_WARN_EMPTY_BODY = YES;
				CLANG_WARN_ENUM_CONVERSION = YES;
				CLANG_WARN_INT_CONVERSION = YES;
				CLANG_WARN_OBJC_ROOT_CLASS = YES_ERROR;
				CLANG_WARN_UNREACHABLE_CODE = YES;
				CLANG_WARN__DUPLICATE_METHOD_MATCH = YES;
				"CODE_SIGN_IDENTITY[sdk=iphoneos*]" = "iPhone Developer";
				COPY_PHASE_STRIP = NO;
				DEBUG_INFORMATION_FORMAT = dwarf;
				ENABLE_STRICT_OBJC_MSGSEND = YES;
				ENABLE_TESTABILITY = YES;
				GCC_C_LANGUAGE_STANDARD = gnu99;
				GCC_DYNAMIC_NO_PIC = NO;
				GCC_NO_COMMON_BLOCKS = YES;
				GCC_OPTIMIZATION_LEVEL = 0;
				GCC_PREPROCESSOR_DEFINITIONS = (
					"DEBUG=1",
					"$(inherited)",
				);
				GCC_WARN_64_TO_32_BIT_CONVERSION = YES;
				GCC_WARN_ABOUT_RETURN_TYPE = YES_ERROR;
				GCC_WARN_UNDECLARED_SELECTOR = YES;
				GCC_WARN_UNINITIALIZED_AUTOS = YES_AGGRESSIVE;
				GCC_WARN_UNUSED_FUNCTION = YES;
				GCC_WARN_UNUSED_VARIABLE = YES;
				IPHONEOS_DEPLOYMENT_TARGET = 9.3;
				MTL_ENABLE_DEBUG_INFO = YES;
				ONLY_ACTIVE_ARCH = YES;
				SDKROOT = iphoneos;
				SWIFT_OPTIMIZATION_LEVEL = "-Onone";
			};
			name = Debug;
		};
		D06473411C804E25009505AB /* Release */ = {
			isa = XCBuildConfiguration;
			buildSettings = {
				ALWAYS_SEARCH_USER_PATHS = NO;
				CLANG_ANALYZER_NONNULL = YES;
				CLANG_CXX_LANGUAGE_STANDARD = "gnu++0x";
				CLANG_CXX_LIBRARY = "libc++";
				CLANG_ENABLE_MODULES = YES;
				CLANG_ENABLE_OBJC_ARC = YES;
				CLANG_WARN_BOOL_CONVERSION = YES;
				CLANG_WARN_CONSTANT_CONVERSION = YES;
				CLANG_WARN_DIRECT_OBJC_ISA_USAGE = YES_ERROR;
				CLANG_WARN_EMPTY_BODY = YES;
				CLANG_WARN_ENUM_CONVERSION = YES;
				CLANG_WARN_INT_CONVERSION = YES;
				CLANG_WARN_OBJC_ROOT_CLASS = YES_ERROR;
				CLANG_WARN_UNREACHABLE_CODE = YES;
				CLANG_WARN__DUPLICATE_METHOD_MATCH = YES;
				"CODE_SIGN_IDENTITY[sdk=iphoneos*]" = "iPhone Developer";
				COPY_PHASE_STRIP = NO;
				DEBUG_INFORMATION_FORMAT = "dwarf-with-dsym";
				ENABLE_NS_ASSERTIONS = NO;
				ENABLE_STRICT_OBJC_MSGSEND = YES;
				GCC_C_LANGUAGE_STANDARD = gnu99;
				GCC_NO_COMMON_BLOCKS = YES;
				GCC_WARN_64_TO_32_BIT_CONVERSION = YES;
				GCC_WARN_ABOUT_RETURN_TYPE = YES_ERROR;
				GCC_WARN_UNDECLARED_SELECTOR = YES;
				GCC_WARN_UNINITIALIZED_AUTOS = YES_AGGRESSIVE;
				GCC_WARN_UNUSED_FUNCTION = YES;
				GCC_WARN_UNUSED_VARIABLE = YES;
				IPHONEOS_DEPLOYMENT_TARGET = 9.3;
				MTL_ENABLE_DEBUG_INFO = NO;
				SDKROOT = iphoneos;
				VALIDATE_PRODUCT = YES;
			};
			name = Release;
		};
		D06473431C804E25009505AB /* Debug */ = {
			isa = XCBuildConfiguration;
			buildSettings = {
				ASSETCATALOG_COMPILER_APPICON_NAME = AppIcon;
				INFOPLIST_FILE = Reto5/Info.plist;
				LD_RUNPATH_SEARCH_PATHS = "$(inherited) @executable_path/Frameworks";
				PRODUCT_BUNDLE_IDENTIFIER = mx.remyuncuervo.Reto5;
				PRODUCT_NAME = "$(TARGET_NAME)";
			};
			name = Debug;
		};
		D06473441C804E25009505AB /* Release */ = {
			isa = XCBuildConfiguration;
			buildSettings = {
				ASSETCATALOG_COMPILER_APPICON_NAME = AppIcon;
				INFOPLIST_FILE = Reto5/Info.plist;
				LD_RUNPATH_SEARCH_PATHS = "$(inherited) @executable_path/Frameworks";
				PRODUCT_BUNDLE_IDENTIFIER = mx.remyuncuervo.Reto5;
				PRODUCT_NAME = "$(TARGET_NAME)";
			};
			name = Release;
		};
/* End XCBuildConfiguration section */

/* Begin XCConfigurationList section */
		D064732B1C804E24009505AB /* Build configuration list for PBXProject "Reto5" */ = {
			isa = XCConfigurationList;
			buildConfigurations = (
				D06473401C804E25009505AB /* Debug */,
				D06473411C804E25009505AB /* Release */,
			);
			defaultConfigurationIsVisible = 0;
			defaultConfigurationName = Release;
		};
		D06473421C804E25009505AB /* Build configuration list for PBXNativeTarget "Reto5" */ = {
			isa = XCConfigurationList;
			buildConfigurations = (
				D06473431C804E25009505AB /* Debug */,
				D06473441C804E25009505AB /* Release */,
			);
			defaultConfigurationIsVisible = 0;
		};
/* End XCConfigurationList section */
	};
	rootObject = D06473281C804E24009505AB /* Project object */;
}
